{
  "name": "flask image",
  "lockfileVersion": 2,
  "requires": true,
  "packages": {
    "": {
      "dependencies": {
        "jsonpickle": "^1.1.2"
      }
    },
    "node_modules/jsonpickle": {
      "version": "1.1.2",
      "resolved": "https://registry.npmjs.org/jsonpickle/-/jsonpickle-1.1.2.tgz",
      "integrity": "sha512-hVOxq83lHilSvx5aLqe2cKTmKYZDkqVD1XgZ6Q75HdpjTYvOF6fRBgTNxCjxXQ1NclmsxO/nsbhxTjl8gYpTgQ==",
      "dependencies": {
        "regenerator-runtime": "^0.13.3"
      }
    },
    "node_modules/regenerator-runtime": {
      "version": "0.13.9",
      "resolved": "https://registry.npmjs.org/regenerator-runtime/-/regenerator-runtime-0.13.9.tgz",
      "integrity": "sha512-p3VT+cOEgxFsRRA9X4lkI1E+k2/CtnKtU4gcxyaCUreilL/vqI6CdZ3wxVUx3UOUg+gnUOQQcRI7BmSI656MYA=="
    }
  },
  "dependencies": {
    "jsonpickle": {
      "version": "1.1.2",
      "resolved": "https://registry.npmjs.org/jsonpickle/-/jsonpickle-1.1.2.tgz",
      "integrity": "sha512-hVOxq83lHilSvx5aLqe2cKTmKYZDkqVD1XgZ6Q75HdpjTYvOF6fRBgTNxCjxXQ1NclmsxO/nsbhxTjl8gYpTgQ==",
      "requires": {
        "regenerator-runtime": "^0.13.3"
      }
    },
    "regenerator-runtime": {
      "version": "0.13.9",
      "resolved": "https://registry.npmjs.org/regenerator-runtime/-/regenerator-runtime-0.13.9.tgz",
      "integrity": "sha512-p3VT+cOEgxFsRRA9X4lkI1E+k2/CtnKtU4gcxyaCUreilL/vqI6CdZ3wxVUx3UOUg+gnUOQQcRI7BmSI656MYA=="
    }
  }
}
